// !$*UTF8*$!
{
	archiveVersion = 1;
	classes = {
	};
	objectVersion = 46;
	objects = {

/* Begin PBXBuildFile section */
		E289F0221A978C00002D4C90 /* AppDelegate.m in Sources */ = {isa = PBXBuildFile; fileRef = E289F0211A978C00002D4C90 /* AppDelegate.m */; };
		E289F0241A978C00002D4C90 /* main.m in Sources */ = {isa = PBXBuildFile; fileRef = E289F0231A978C00002D4C90 /* main.m */; };
		E289F0271A978C00002D4C90 /* GameView.mm in Sources */ = {isa = PBXBuildFile; fileRef = E289F0261A978C00002D4C90 /* GameView.mm */; };
		E289F02A1A978C00002D4C90 /* GameViewController.m in Sources */ = {isa = PBXBuildFile; fileRef = E289F0291A978C00002D4C90 /* GameViewController.m */; };
		E289F02C1A978C00002D4C90 /* art.scnassets in Resources */ = {isa = PBXBuildFile; fileRef = E289F02B1A978C00002D4C90 /* art.scnassets */; };
		E289F02E1A978C00002D4C90 /* Images.xcassets in Resources */ = {isa = PBXBuildFile; fileRef = E289F02D1A978C00002D4C90 /* Images.xcassets */; };
		E289F0311A978C00002D4C90 /* MainMenu.xib in Resources */ = {isa = PBXBuildFile; fileRef = E289F02F1A978C00002D4C90 /* MainMenu.xib */; };
		E289F03D1A978C01002D4C90 /* CameraControlsTests.m in Sources */ = {isa = PBXBuildFile; fileRef = E289F03C1A978C01002D4C90 /* CameraControlsTests.m */; };
		E289F0471A982098002D4C90 /* SpriteKit.framework in Frameworks */ = {isa = PBXBuildFile; fileRef = E289F0461A982098002D4C90 /* SpriteKit.framework */; };
		E289F0581A9916D1002D4C90 /* IexBaseExc.cpp in Sources */ = {isa = PBXBuildFile; fileRef = E289F04E1A9916D1002D4C90 /* IexBaseExc.cpp */; };
		E289F0591A9916D1002D4C90 /* IexThrowErrnoExc.cpp in Sources */ = {isa = PBXBuildFile; fileRef = E289F0561A9916D1002D4C90 /* IexThrowErrnoExc.cpp */; };
		E289F05F1A9916E0002D4C90 /* IexMathFloatExc.cpp in Sources */ = {isa = PBXBuildFile; fileRef = E289F05A1A9916E0002D4C90 /* IexMathFloatExc.cpp */; };
		E289F0601A9916E0002D4C90 /* IexMathFpu.cpp in Sources */ = {isa = PBXBuildFile; fileRef = E289F05C1A9916E0002D4C90 /* IexMathFpu.cpp */; };
		E289F0661A9916FF002D4C90 /* half.cpp in Sources */ = {isa = PBXBuildFile; fileRef = E289F0611A9916FF002D4C90 /* half.cpp */; };
		E289F08F1A991710002D4C90 /* ImathBox.cpp in Sources */ = {isa = PBXBuildFile; fileRef = E289F0671A991710002D4C90 /* ImathBox.cpp */; };
		E289F0901A991710002D4C90 /* ImathColorAlgo.cpp in Sources */ = {isa = PBXBuildFile; fileRef = E289F06B1A991710002D4C90 /* ImathColorAlgo.cpp */; };
		E289F0911A991710002D4C90 /* ImathFun.cpp in Sources */ = {isa = PBXBuildFile; fileRef = E289F0741A991710002D4C90 /* ImathFun.cpp */; };
		E289F0921A991710002D4C90 /* ImathMatrixAlgo.cpp in Sources */ = {isa = PBXBuildFile; fileRef = E289F0801A991710002D4C90 /* ImathMatrixAlgo.cpp */; };
		E289F0931A991710002D4C90 /* ImathRandom.cpp in Sources */ = {isa = PBXBuildFile; fileRef = E289F0861A991710002D4C90 /* ImathRandom.cpp */; };
		E289F0941A991710002D4C90 /* ImathShear.cpp in Sources */ = {isa = PBXBuildFile; fileRef = E289F0891A991710002D4C90 /* ImathShear.cpp */; };
		E289F0951A991710002D4C90 /* ImathVec.cpp in Sources */ = {isa = PBXBuildFile; fileRef = E289F08C1A991710002D4C90 /* ImathVec.cpp */; };
/* End PBXBuildFile section */

/* Begin PBXContainerItemProxy section */
		E289F0371A978C01002D4C90 /* PBXContainerItemProxy */ = {
			isa = PBXContainerItemProxy;
			containerPortal = E289F0131A978C00002D4C90 /* Project object */;
			proxyType = 1;
			remoteGlobalIDString = E289F01A1A978C00002D4C90;
			remoteInfo = CameraControls;
		};
/* End PBXContainerItemProxy section */

/* Begin PBXFileReference section */
		E289F01B1A978C00002D4C90 /* CameraControls.app */ = {isa = PBXFileReference; explicitFileType = wrapper.application; includeInIndex = 0; path = CameraControls.app; sourceTree = BUILT_PRODUCTS_DIR; };
		E289F01F1A978C00002D4C90 /* Info.plist */ = {isa = PBXFileReference; lastKnownFileType = text.plist.xml; path = Info.plist; sourceTree = "<group>"; };
		E289F0201A978C00002D4C90 /* AppDelegate.h */ = {isa = PBXFileReference; lastKnownFileType = sourcecode.c.h; path = AppDelegate.h; sourceTree = "<group>"; };
		E289F0211A978C00002D4C90 /* AppDelegate.m */ = {isa = PBXFileReference; lastKnownFileType = sourcecode.c.objc; path = AppDelegate.m; sourceTree = "<group>"; };
		E289F0231A978C00002D4C90 /* main.m */ = {isa = PBXFileReference; lastKnownFileType = sourcecode.c.objc; path = main.m; sourceTree = "<group>"; };
		E289F0251A978C00002D4C90 /* GameView.h */ = {isa = PBXFileReference; lastKnownFileType = sourcecode.c.h; path = GameView.h; sourceTree = "<group>"; };
		E289F0261A978C00002D4C90 /* GameView.mm */ = {isa = PBXFileReference; lastKnownFileType = sourcecode.cpp.objcpp; path = GameView.mm; sourceTree = "<group>"; };
		E289F0281A978C00002D4C90 /* GameViewController.h */ = {isa = PBXFileReference; lastKnownFileType = sourcecode.c.h; path = GameViewController.h; sourceTree = "<group>"; };
		E289F0291A978C00002D4C90 /* GameViewController.m */ = {isa = PBXFileReference; lastKnownFileType = sourcecode.c.objc; path = GameViewController.m; sourceTree = "<group>"; };
		E289F02B1A978C00002D4C90 /* art.scnassets */ = {isa = PBXFileReference; lastKnownFileType = wrapper.scnassets; path = art.scnassets; sourceTree = "<group>"; };
		E289F02D1A978C00002D4C90 /* Images.xcassets */ = {isa = PBXFileReference; lastKnownFileType = folder.assetcatalog; path = Images.xcassets; sourceTree = "<group>"; };
		E289F0301A978C00002D4C90 /* Base */ = {isa = PBXFileReference; lastKnownFileType = file.xib; name = Base; path = Base.lproj/MainMenu.xib; sourceTree = "<group>"; };
		E289F0361A978C01002D4C90 /* CameraControlsTests.xctest */ = {isa = PBXFileReference; explicitFileType = wrapper.cfbundle; includeInIndex = 0; path = CameraControlsTests.xctest; sourceTree = BUILT_PRODUCTS_DIR; };
		E289F03B1A978C01002D4C90 /* Info.plist */ = {isa = PBXFileReference; lastKnownFileType = text.plist.xml; path = Info.plist; sourceTree = "<group>"; };
		E289F03C1A978C01002D4C90 /* CameraControlsTests.m */ = {isa = PBXFileReference; lastKnownFileType = sourcecode.c.objc; path = CameraControlsTests.m; sourceTree = "<group>"; };
		E289F0461A982098002D4C90 /* SpriteKit.framework */ = {isa = PBXFileReference; lastKnownFileType = wrapper.framework; name = SpriteKit.framework; path = System/Library/Frameworks/SpriteKit.framework; sourceTree = SDKROOT; };
		E289F04D1A9916D1002D4C90 /* Iex.h */ = {isa = PBXFileReference; fileEncoding = 4; lastKnownFileType = sourcecode.c.h; name = Iex.h; path = CameraControls/Ilmbase/Iex/Iex.h; sourceTree = "<group>"; };
		E289F04E1A9916D1002D4C90 /* IexBaseExc.cpp */ = {isa = PBXFileReference; fileEncoding = 4; lastKnownFileType = sourcecode.cpp.cpp; name = IexBaseExc.cpp; path = CameraControls/Ilmbase/Iex/IexBaseExc.cpp; sourceTree = "<group>"; };
		E289F04F1A9916D1002D4C90 /* IexBaseExc.h */ = {isa = PBXFileReference; fileEncoding = 4; lastKnownFileType = sourcecode.c.h; name = IexBaseExc.h; path = CameraControls/Ilmbase/Iex/IexBaseExc.h; sourceTree = "<group>"; };
		E289F0501A9916D1002D4C90 /* IexErrnoExc.h */ = {isa = PBXFileReference; fileEncoding = 4; lastKnownFileType = sourcecode.c.h; name = IexErrnoExc.h; path = CameraControls/Ilmbase/Iex/IexErrnoExc.h; sourceTree = "<group>"; };
		E289F0511A9916D1002D4C90 /* IexExport.h */ = {isa = PBXFileReference; fileEncoding = 4; lastKnownFileType = sourcecode.c.h; name = IexExport.h; path = CameraControls/Ilmbase/Iex/IexExport.h; sourceTree = "<group>"; };
		E289F0521A9916D1002D4C90 /* IexForward.h */ = {isa = PBXFileReference; fileEncoding = 4; lastKnownFileType = sourcecode.c.h; name = IexForward.h; path = CameraControls/Ilmbase/Iex/IexForward.h; sourceTree = "<group>"; };
		E289F0531A9916D1002D4C90 /* IexMacros.h */ = {isa = PBXFileReference; fileEncoding = 4; lastKnownFileType = sourcecode.c.h; name = IexMacros.h; path = CameraControls/Ilmbase/Iex/IexMacros.h; sourceTree = "<group>"; };
		E289F0541A9916D1002D4C90 /* IexMathExc.h */ = {isa = PBXFileReference; fileEncoding = 4; lastKnownFileType = sourcecode.c.h; name = IexMathExc.h; path = CameraControls/Ilmbase/Iex/IexMathExc.h; sourceTree = "<group>"; };
		E289F0551A9916D1002D4C90 /* IexNamespace.h */ = {isa = PBXFileReference; fileEncoding = 4; lastKnownFileType = sourcecode.c.h; name = IexNamespace.h; path = CameraControls/Ilmbase/Iex/IexNamespace.h; sourceTree = "<group>"; };
		E289F0561A9916D1002D4C90 /* IexThrowErrnoExc.cpp */ = {isa = PBXFileReference; fileEncoding = 4; lastKnownFileType = sourcecode.cpp.cpp; name = IexThrowErrnoExc.cpp; path = CameraControls/Ilmbase/Iex/IexThrowErrnoExc.cpp; sourceTree = "<group>"; };
		E289F0571A9916D1002D4C90 /* IexThrowErrnoExc.h */ = {isa = PBXFileReference; fileEncoding = 4; lastKnownFileType = sourcecode.c.h; name = IexThrowErrnoExc.h; path = CameraControls/Ilmbase/Iex/IexThrowErrnoExc.h; sourceTree = "<group>"; };
		E289F05A1A9916E0002D4C90 /* IexMathFloatExc.cpp */ = {isa = PBXFileReference; fileEncoding = 4; lastKnownFileType = sourcecode.cpp.cpp; name = IexMathFloatExc.cpp; path = CameraControls/Ilmbase/IexMath/IexMathFloatExc.cpp; sourceTree = "<group>"; };
		E289F05B1A9916E0002D4C90 /* IexMathFloatExc.h */ = {isa = PBXFileReference; fileEncoding = 4; lastKnownFileType = sourcecode.c.h; name = IexMathFloatExc.h; path = CameraControls/Ilmbase/IexMath/IexMathFloatExc.h; sourceTree = "<group>"; };
		E289F05C1A9916E0002D4C90 /* IexMathFpu.cpp */ = {isa = PBXFileReference; fileEncoding = 4; lastKnownFileType = sourcecode.cpp.cpp; name = IexMathFpu.cpp; path = CameraControls/Ilmbase/IexMath/IexMathFpu.cpp; sourceTree = "<group>"; };
		E289F05D1A9916E0002D4C90 /* IexMathFpu.h */ = {isa = PBXFileReference; fileEncoding = 4; lastKnownFileType = sourcecode.c.h; name = IexMathFpu.h; path = CameraControls/Ilmbase/IexMath/IexMathFpu.h; sourceTree = "<group>"; };
		E289F05E1A9916E0002D4C90 /* IexMathIeeeExc.h */ = {isa = PBXFileReference; fileEncoding = 4; lastKnownFileType = sourcecode.c.h; name = IexMathIeeeExc.h; path = CameraControls/Ilmbase/IexMath/IexMathIeeeExc.h; sourceTree = "<group>"; };
		E289F0611A9916FF002D4C90 /* half.cpp */ = {isa = PBXFileReference; fileEncoding = 4; lastKnownFileType = sourcecode.cpp.cpp; name = half.cpp; path = CameraControls/Ilmbase/Half/half.cpp; sourceTree = "<group>"; };
		E289F0621A9916FF002D4C90 /* half.h */ = {isa = PBXFileReference; fileEncoding = 4; lastKnownFileType = sourcecode.c.h; name = half.h; path = CameraControls/Ilmbase/Half/half.h; sourceTree = "<group>"; };
		E289F0631A9916FF002D4C90 /* halfExport.h */ = {isa = PBXFileReference; fileEncoding = 4; lastKnownFileType = sourcecode.c.h; name = halfExport.h; path = CameraControls/Ilmbase/Half/halfExport.h; sourceTree = "<group>"; };
		E289F0641A9916FF002D4C90 /* halfFunction.h */ = {isa = PBXFileReference; fileEncoding = 4; lastKnownFileType = sourcecode.c.h; name = halfFunction.h; path = CameraControls/Ilmbase/Half/halfFunction.h; sourceTree = "<group>"; };
		E289F0651A9916FF002D4C90 /* halfLimits.h */ = {isa = PBXFileReference; fileEncoding = 4; lastKnownFileType = sourcecode.c.h; name = halfLimits.h; path = CameraControls/Ilmbase/Half/halfLimits.h; sourceTree = "<group>"; };
		E289F0671A991710002D4C90 /* ImathBox.cpp */ = {isa = PBXFileReference; fileEncoding = 4; lastKnownFileType = sourcecode.cpp.cpp; name = ImathBox.cpp; path = CameraControls/Ilmbase/Imath/ImathBox.cpp; sourceTree = "<group>"; };
		E289F0681A991710002D4C90 /* ImathBox.h */ = {isa = PBXFileReference; fileEncoding = 4; lastKnownFileType = sourcecode.c.h; name = ImathBox.h; path = CameraControls/Ilmbase/Imath/ImathBox.h; sourceTree = "<group>"; };
		E289F0691A991710002D4C90 /* ImathBoxAlgo.h */ = {isa = PBXFileReference; fileEncoding = 4; lastKnownFileType = sourcecode.c.h; name = ImathBoxAlgo.h; path = CameraControls/Ilmbase/Imath/ImathBoxAlgo.h; sourceTree = "<group>"; };
		E289F06A1A991710002D4C90 /* ImathColor.h */ = {isa = PBXFileReference; fileEncoding = 4; lastKnownFileType = sourcecode.c.h; name = ImathColor.h; path = CameraControls/Ilmbase/Imath/ImathColor.h; sourceTree = "<group>"; };
		E289F06B1A991710002D4C90 /* ImathColorAlgo.cpp */ = {isa = PBXFileReference; fileEncoding = 4; lastKnownFileType = sourcecode.cpp.cpp; name = ImathColorAlgo.cpp; path = CameraControls/Ilmbase/Imath/ImathColorAlgo.cpp; sourceTree = "<group>"; };
		E289F06C1A991710002D4C90 /* ImathColorAlgo.h */ = {isa = PBXFileReference; fileEncoding = 4; lastKnownFileType = sourcecode.c.h; name = ImathColorAlgo.h; path = CameraControls/Ilmbase/Imath/ImathColorAlgo.h; sourceTree = "<group>"; };
		E289F06D1A991710002D4C90 /* ImathEuler.h */ = {isa = PBXFileReference; fileEncoding = 4; lastKnownFileType = sourcecode.c.h; name = ImathEuler.h; path = CameraControls/Ilmbase/Imath/ImathEuler.h; sourceTree = "<group>"; };
		E289F06E1A991710002D4C90 /* ImathExc.h */ = {isa = PBXFileReference; fileEncoding = 4; lastKnownFileType = sourcecode.c.h; name = ImathExc.h; path = CameraControls/Ilmbase/Imath/ImathExc.h; sourceTree = "<group>"; };
		E289F06F1A991710002D4C90 /* ImathExport.h */ = {isa = PBXFileReference; fileEncoding = 4; lastKnownFileType = sourcecode.c.h; name = ImathExport.h; path = CameraControls/Ilmbase/Imath/ImathExport.h; sourceTree = "<group>"; };
		E289F0701A991710002D4C90 /* ImathForward.h */ = {isa = PBXFileReference; fileEncoding = 4; lastKnownFileType = sourcecode.c.h; name = ImathForward.h; path = CameraControls/Ilmbase/Imath/ImathForward.h; sourceTree = "<group>"; };
		E289F0711A991710002D4C90 /* ImathFrame.h */ = {isa = PBXFileReference; fileEncoding = 4; lastKnownFileType = sourcecode.c.h; name = ImathFrame.h; path = CameraControls/Ilmbase/Imath/ImathFrame.h; sourceTree = "<group>"; };
		E289F0721A991710002D4C90 /* ImathFrustum.h */ = {isa = PBXFileReference; fileEncoding = 4; lastKnownFileType = sourcecode.c.h; name = ImathFrustum.h; path = CameraControls/Ilmbase/Imath/ImathFrustum.h; sourceTree = "<group>"; };
		E289F0731A991710002D4C90 /* ImathFrustumTest.h */ = {isa = PBXFileReference; fileEncoding = 4; lastKnownFileType = sourcecode.c.h; name = ImathFrustumTest.h; path = CameraControls/Ilmbase/Imath/ImathFrustumTest.h; sourceTree = "<group>"; };
		E289F0741A991710002D4C90 /* ImathFun.cpp */ = {isa = PBXFileReference; fileEncoding = 4; lastKnownFileType = sourcecode.cpp.cpp; name = ImathFun.cpp; path = CameraControls/Ilmbase/Imath/ImathFun.cpp; sourceTree = "<group>"; };
		E289F0751A991710002D4C90 /* ImathFun.h */ = {isa = PBXFileReference; fileEncoding = 4; lastKnownFileType = sourcecode.c.h; name = ImathFun.h; path = CameraControls/Ilmbase/Imath/ImathFun.h; sourceTree = "<group>"; };
		E289F0761A991710002D4C90 /* ImathGL.h */ = {isa = PBXFileReference; fileEncoding = 4; lastKnownFileType = sourcecode.c.h; name = ImathGL.h; path = CameraControls/Ilmbase/Imath/ImathGL.h; sourceTree = "<group>"; };
		E289F0771A991710002D4C90 /* ImathGLU.h */ = {isa = PBXFileReference; fileEncoding = 4; lastKnownFileType = sourcecode.c.h; name = ImathGLU.h; path = CameraControls/Ilmbase/Imath/ImathGLU.h; sourceTree = "<group>"; };
		E289F0781A991710002D4C90 /* ImathHalfLimits.h */ = {isa = PBXFileReference; fileEncoding = 4; lastKnownFileType = sourcecode.c.h; name = ImathHalfLimits.h; path = CameraControls/Ilmbase/Imath/ImathHalfLimits.h; sourceTree = "<group>"; };
		E289F0791A991710002D4C90 /* ImathInt64.h */ = {isa = PBXFileReference; fileEncoding = 4; lastKnownFileType = sourcecode.c.h; name = ImathInt64.h; path = CameraControls/Ilmbase/Imath/ImathInt64.h; sourceTree = "<group>"; };
		E289F07A1A991710002D4C90 /* ImathInterval.h */ = {isa = PBXFileReference; fileEncoding = 4; lastKnownFileType = sourcecode.c.h; name = ImathInterval.h; path = CameraControls/Ilmbase/Imath/ImathInterval.h; sourceTree = "<group>"; };
		E289F07B1A991710002D4C90 /* ImathLimits.h */ = {isa = PBXFileReference; fileEncoding = 4; lastKnownFileType = sourcecode.c.h; name = ImathLimits.h; path = CameraControls/Ilmbase/Imath/ImathLimits.h; sourceTree = "<group>"; };
		E289F07C1A991710002D4C90 /* ImathLine.h */ = {isa = PBXFileReference; fileEncoding = 4; lastKnownFileType = sourcecode.c.h; name = ImathLine.h; path = CameraControls/Ilmbase/Imath/ImathLine.h; sourceTree = "<group>"; };
		E289F07D1A991710002D4C90 /* ImathLineAlgo.h */ = {isa = PBXFileReference; fileEncoding = 4; lastKnownFileType = sourcecode.c.h; name = ImathLineAlgo.h; path = CameraControls/Ilmbase/Imath/ImathLineAlgo.h; sourceTree = "<group>"; };
		E289F07E1A991710002D4C90 /* ImathMath.h */ = {isa = PBXFileReference; fileEncoding = 4; lastKnownFileType = sourcecode.c.h; name = ImathMath.h; path = CameraControls/Ilmbase/Imath/ImathMath.h; sourceTree = "<group>"; };
		E289F07F1A991710002D4C90 /* ImathMatrix.h */ = {isa = PBXFileReference; fileEncoding = 4; lastKnownFileType = sourcecode.c.h; name = ImathMatrix.h; path = CameraControls/Ilmbase/Imath/ImathMatrix.h; sourceTree = "<group>"; };
		E289F0801A991710002D4C90 /* ImathMatrixAlgo.cpp */ = {isa = PBXFileReference; fileEncoding = 4; lastKnownFileType = sourcecode.cpp.cpp; name = ImathMatrixAlgo.cpp; path = CameraControls/Ilmbase/Imath/ImathMatrixAlgo.cpp; sourceTree = "<group>"; };
		E289F0811A991710002D4C90 /* ImathMatrixAlgo.h */ = {isa = PBXFileReference; fileEncoding = 4; lastKnownFileType = sourcecode.c.h; name = ImathMatrixAlgo.h; path = CameraControls/Ilmbase/Imath/ImathMatrixAlgo.h; sourceTree = "<group>"; };
		E289F0821A991710002D4C90 /* ImathNamespace.h */ = {isa = PBXFileReference; fileEncoding = 4; lastKnownFileType = sourcecode.c.h; name = ImathNamespace.h; path = CameraControls/Ilmbase/Imath/ImathNamespace.h; sourceTree = "<group>"; };
		E289F0831A991710002D4C90 /* ImathPlane.h */ = {isa = PBXFileReference; fileEncoding = 4; lastKnownFileType = sourcecode.c.h; name = ImathPlane.h; path = CameraControls/Ilmbase/Imath/ImathPlane.h; sourceTree = "<group>"; };
		E289F0841A991710002D4C90 /* ImathPlatform.h */ = {isa = PBXFileReference; fileEncoding = 4; lastKnownFileType = sourcecode.c.h; name = ImathPlatform.h; path = CameraControls/Ilmbase/Imath/ImathPlatform.h; sourceTree = "<group>"; };
		E289F0851A991710002D4C90 /* ImathQuat.h */ = {isa = PBXFileReference; fileEncoding = 4; lastKnownFileType = sourcecode.c.h; name = ImathQuat.h; path = CameraControls/Ilmbase/Imath/ImathQuat.h; sourceTree = "<group>"; };
		E289F0861A991710002D4C90 /* ImathRandom.cpp */ = {isa = PBXFileReference; fileEncoding = 4; lastKnownFileType = sourcecode.cpp.cpp; name = ImathRandom.cpp; path = CameraControls/Ilmbase/Imath/ImathRandom.cpp; sourceTree = "<group>"; };
		E289F0871A991710002D4C90 /* ImathRandom.h */ = {isa = PBXFileReference; fileEncoding = 4; lastKnownFileType = sourcecode.c.h; name = ImathRandom.h; path = CameraControls/Ilmbase/Imath/ImathRandom.h; sourceTree = "<group>"; };
		E289F0881A991710002D4C90 /* ImathRoots.h */ = {isa = PBXFileReference; fileEncoding = 4; lastKnownFileType = sourcecode.c.h; name = ImathRoots.h; path = CameraControls/Ilmbase/Imath/ImathRoots.h; sourceTree = "<group>"; };
		E289F0891A991710002D4C90 /* ImathShear.cpp */ = {isa = PBXFileReference; fileEncoding = 4; lastKnownFileType = sourcecode.cpp.cpp; name = ImathShear.cpp; path = CameraControls/Ilmbase/Imath/ImathShear.cpp; sourceTree = "<group>"; };
		E289F08A1A991710002D4C90 /* ImathShear.h */ = {isa = PBXFileReference; fileEncoding = 4; lastKnownFileType = sourcecode.c.h; name = ImathShear.h; path = CameraControls/Ilmbase/Imath/ImathShear.h; sourceTree = "<group>"; };
		E289F08B1A991710002D4C90 /* ImathSphere.h */ = {isa = PBXFileReference; fileEncoding = 4; lastKnownFileType = sourcecode.c.h; name = ImathSphere.h; path = CameraControls/Ilmbase/Imath/ImathSphere.h; sourceTree = "<group>"; };
		E289F08C1A991710002D4C90 /* ImathVec.cpp */ = {isa = PBXFileReference; fileEncoding = 4; lastKnownFileType = sourcecode.cpp.cpp; name = ImathVec.cpp; path = CameraControls/Ilmbase/Imath/ImathVec.cpp; sourceTree = "<group>"; };
		E289F08D1A991710002D4C90 /* ImathVec.h */ = {isa = PBXFileReference; fileEncoding = 4; lastKnownFileType = sourcecode.c.h; name = ImathVec.h; path = CameraControls/Ilmbase/Imath/ImathVec.h; sourceTree = "<group>"; };
		E289F08E1A991710002D4C90 /* ImathVecAlgo.h */ = {isa = PBXFileReference; fileEncoding = 4; lastKnownFileType = sourcecode.c.h; name = ImathVecAlgo.h; path = CameraControls/Ilmbase/Imath/ImathVecAlgo.h; sourceTree = "<group>"; };
		E289F0971A9917EA002D4C90 /* IlmBaseConfig.h */ = {isa = PBXFileReference; fileEncoding = 4; lastKnownFileType = sourcecode.c.h; path = IlmBaseConfig.h; sourceTree = "<group>"; };
		E289F0981A99184E002D4C90 /* eLut.h */ = {isa = PBXFileReference; lastKnownFileType = sourcecode.c.h; path = eLut.h; sourceTree = "<group>"; };
		E289F0991A99184E002D4C90 /* toFloat.h */ = {isa = PBXFileReference; lastKnownFileType = sourcecode.c.h; path = toFloat.h; sourceTree = "<group>"; };
/* End PBXFileReference section */

/* Begin PBXFrameworksBuildPhase section */
		E289F0181A978C00002D4C90 /* Frameworks */ = {
			isa = PBXFrameworksBuildPhase;
			buildActionMask = 2147483647;
			files = (
				E289F0471A982098002D4C90 /* SpriteKit.framework in Frameworks */,
			);
			runOnlyForDeploymentPostprocessing = 0;
		};
		E289F0331A978C01002D4C90 /* Frameworks */ = {
			isa = PBXFrameworksBuildPhase;
			buildActionMask = 2147483647;
			files = (
			);
			runOnlyForDeploymentPostprocessing = 0;
		};
/* End PBXFrameworksBuildPhase section */

/* Begin PBXGroup section */
		E289F0121A978C00002D4C90 = {
			isa = PBXGroup;
			children = (
				E289F0481A99168E002D4C90 /* IlmBase */,
				E289F0461A982098002D4C90 /* SpriteKit.framework */,
				E289F01D1A978C00002D4C90 /* CameraControls */,
				E289F0391A978C01002D4C90 /* CameraControlsTests */,
				E289F01C1A978C00002D4C90 /* Products */,
			);
			sourceTree = "<group>";
		};
		E289F01C1A978C00002D4C90 /* Products */ = {
			isa = PBXGroup;
			children = (
				E289F01B1A978C00002D4C90 /* CameraControls.app */,
				E289F0361A978C01002D4C90 /* CameraControlsTests.xctest */,
			);
			name = Products;
			sourceTree = "<group>";
		};
		E289F01D1A978C00002D4C90 /* CameraControls */ = {
			isa = PBXGroup;
			children = (
				E289F0201A978C00002D4C90 /* AppDelegate.h */,
				E289F0211A978C00002D4C90 /* AppDelegate.m */,
				E289F0251A978C00002D4C90 /* GameView.h */,
				E289F0261A978C00002D4C90 /* GameView.mm */,
				E289F0281A978C00002D4C90 /* GameViewController.h */,
				E289F0291A978C00002D4C90 /* GameViewController.m */,
				E289F02B1A978C00002D4C90 /* art.scnassets */,
				E289F02D1A978C00002D4C90 /* Images.xcassets */,
				E289F02F1A978C00002D4C90 /* MainMenu.xib */,
				E289F01E1A978C00002D4C90 /* Supporting Files */,
			);
			path = CameraControls;
			sourceTree = "<group>";
		};
		E289F01E1A978C00002D4C90 /* Supporting Files */ = {
			isa = PBXGroup;
			children = (
				E289F01F1A978C00002D4C90 /* Info.plist */,
				E289F0231A978C00002D4C90 /* main.m */,
			);
			name = "Supporting Files";
			sourceTree = "<group>";
		};
		E289F0391A978C01002D4C90 /* CameraControlsTests */ = {
			isa = PBXGroup;
			children = (
				E289F03C1A978C01002D4C90 /* CameraControlsTests.m */,
				E289F03A1A978C01002D4C90 /* Supporting Files */,
			);
			path = CameraControlsTests;
			sourceTree = "<group>";
		};
		E289F03A1A978C01002D4C90 /* Supporting Files */ = {
			isa = PBXGroup;
			children = (
				E289F03B1A978C01002D4C90 /* Info.plist */,
			);
			name = "Supporting Files";
			sourceTree = "<group>";
		};
		E289F0481A99168E002D4C90 /* IlmBase */ = {
			isa = PBXGroup;
			children = (
				E289F0961A9917EA002D4C90 /* include */,
				E289F04C1A9916A8002D4C90 /* Imath */,
				E289F04B1A9916A2002D4C90 /* IexMath */,
				E289F04A1A99169B002D4C90 /* Iex */,
				E289F0491A991695002D4C90 /* Half */,
			);
			name = IlmBase;
			sourceTree = "<group>";
		};
		E289F0491A991695002D4C90 /* Half */ = {
			isa = PBXGroup;
			children = (
				E289F0611A9916FF002D4C90 /* half.cpp */,
				E289F0621A9916FF002D4C90 /* half.h */,
				E289F0631A9916FF002D4C90 /* halfExport.h */,
				E289F0641A9916FF002D4C90 /* halfFunction.h */,
				E289F0651A9916FF002D4C90 /* halfLimits.h */,
			);
			name = Half;
			sourceTree = "<group>";
		};
		E289F04A1A99169B002D4C90 /* Iex */ = {
			isa = PBXGroup;
			children = (
				E289F04D1A9916D1002D4C90 /* Iex.h */,
				E289F04E1A9916D1002D4C90 /* IexBaseExc.cpp */,
				E289F04F1A9916D1002D4C90 /* IexBaseExc.h */,
				E289F0501A9916D1002D4C90 /* IexErrnoExc.h */,
				E289F0511A9916D1002D4C90 /* IexExport.h */,
				E289F0521A9916D1002D4C90 /* IexForward.h */,
				E289F0531A9916D1002D4C90 /* IexMacros.h */,
				E289F0541A9916D1002D4C90 /* IexMathExc.h */,
				E289F0551A9916D1002D4C90 /* IexNamespace.h */,
				E289F0561A9916D1002D4C90 /* IexThrowErrnoExc.cpp */,
				E289F0571A9916D1002D4C90 /* IexThrowErrnoExc.h */,
			);
			name = Iex;
			sourceTree = "<group>";
		};
		E289F04B1A9916A2002D4C90 /* IexMath */ = {
			isa = PBXGroup;
			children = (
				E289F05A1A9916E0002D4C90 /* IexMathFloatExc.cpp */,
				E289F05B1A9916E0002D4C90 /* IexMathFloatExc.h */,
				E289F05C1A9916E0002D4C90 /* IexMathFpu.cpp */,
				E289F05D1A9916E0002D4C90 /* IexMathFpu.h */,
				E289F05E1A9916E0002D4C90 /* IexMathIeeeExc.h */,
			);
			name = IexMath;
			sourceTree = "<group>";
		};
		E289F04C1A9916A8002D4C90 /* Imath */ = {
			isa = PBXGroup;
			children = (
				E289F0671A991710002D4C90 /* ImathBox.cpp */,
				E289F0681A991710002D4C90 /* ImathBox.h */,
				E289F0691A991710002D4C90 /* ImathBoxAlgo.h */,
				E289F06A1A991710002D4C90 /* ImathColor.h */,
				E289F06B1A991710002D4C90 /* ImathColorAlgo.cpp */,
				E289F06C1A991710002D4C90 /* ImathColorAlgo.h */,
				E289F06D1A991710002D4C90 /* ImathEuler.h */,
				E289F06E1A991710002D4C90 /* ImathExc.h */,
				E289F06F1A991710002D4C90 /* ImathExport.h */,
				E289F0701A991710002D4C90 /* ImathForward.h */,
				E289F0711A991710002D4C90 /* ImathFrame.h */,
				E289F0721A991710002D4C90 /* ImathFrustum.h */,
				E289F0731A991710002D4C90 /* ImathFrustumTest.h */,
				E289F0741A991710002D4C90 /* ImathFun.cpp */,
				E289F0751A991710002D4C90 /* ImathFun.h */,
				E289F0761A991710002D4C90 /* ImathGL.h */,
				E289F0771A991710002D4C90 /* ImathGLU.h */,
				E289F0781A991710002D4C90 /* ImathHalfLimits.h */,
				E289F0791A991710002D4C90 /* ImathInt64.h */,
				E289F07A1A991710002D4C90 /* ImathInterval.h */,
				E289F07B1A991710002D4C90 /* ImathLimits.h */,
				E289F07C1A991710002D4C90 /* ImathLine.h */,
				E289F07D1A991710002D4C90 /* ImathLineAlgo.h */,
				E289F07E1A991710002D4C90 /* ImathMath.h */,
				E289F07F1A991710002D4C90 /* ImathMatrix.h */,
				E289F0801A991710002D4C90 /* ImathMatrixAlgo.cpp */,
				E289F0811A991710002D4C90 /* ImathMatrixAlgo.h */,
				E289F0821A991710002D4C90 /* ImathNamespace.h */,
				E289F0831A991710002D4C90 /* ImathPlane.h */,
				E289F0841A991710002D4C90 /* ImathPlatform.h */,
				E289F0851A991710002D4C90 /* ImathQuat.h */,
				E289F0861A991710002D4C90 /* ImathRandom.cpp */,
				E289F0871A991710002D4C90 /* ImathRandom.h */,
				E289F0881A991710002D4C90 /* ImathRoots.h */,
				E289F0891A991710002D4C90 /* ImathShear.cpp */,
				E289F08A1A991710002D4C90 /* ImathShear.h */,
				E289F08B1A991710002D4C90 /* ImathSphere.h */,
				E289F08C1A991710002D4C90 /* ImathVec.cpp */,
				E289F08D1A991710002D4C90 /* ImathVec.h */,
				E289F08E1A991710002D4C90 /* ImathVecAlgo.h */,
			);
			name = Imath;
			sourceTree = "<group>";
		};
		E289F0961A9917EA002D4C90 /* include */ = {
			isa = PBXGroup;
			children = (
				E289F0981A99184E002D4C90 /* eLut.h */,
				E289F0991A99184E002D4C90 /* toFloat.h */,
				E289F0971A9917EA002D4C90 /* IlmBaseConfig.h */,
			);
			name = include;
			path = CameraControls/Ilmbase/include;
			sourceTree = "<group>";
		};
/* End PBXGroup section */

/* Begin PBXNativeTarget section */
		E289F01A1A978C00002D4C90 /* CameraControls */ = {
			isa = PBXNativeTarget;
			buildConfigurationList = E289F0401A978C01002D4C90 /* Build configuration list for PBXNativeTarget "CameraControls" */;
			buildPhases = (
				E289F0171A978C00002D4C90 /* Sources */,
				E289F0181A978C00002D4C90 /* Frameworks */,
				E289F0191A978C00002D4C90 /* Resources */,
			);
			buildRules = (
			);
			dependencies = (
			);
			name = CameraControls;
			productName = CameraControls;
			productReference = E289F01B1A978C00002D4C90 /* CameraControls.app */;
			productType = "com.apple.product-type.application";
		};
		E289F0351A978C01002D4C90 /* CameraControlsTests */ = {
			isa = PBXNativeTarget;
			buildConfigurationList = E289F0431A978C01002D4C90 /* Build configuration list for PBXNativeTarget "CameraControlsTests" */;
			buildPhases = (
				E289F0321A978C01002D4C90 /* Sources */,
				E289F0331A978C01002D4C90 /* Frameworks */,
				E289F0341A978C01002D4C90 /* Resources */,
			);
			buildRules = (
			);
			dependencies = (
				E289F0381A978C01002D4C90 /* PBXTargetDependency */,
			);
			name = CameraControlsTests;
			productName = CameraControlsTests;
			productReference = E289F0361A978C01002D4C90 /* CameraControlsTests.xctest */;
			productType = "com.apple.product-type.bundle.unit-test";
		};
/* End PBXNativeTarget section */

/* Begin PBXProject section */
		E289F0131A978C00002D4C90 /* Project object */ = {
			isa = PBXProject;
			attributes = {
				LastUpgradeCheck = 0630;
				ORGANIZATIONNAME = "Planet IX";
				TargetAttributes = {
					E289F01A1A978C00002D4C90 = {
						CreatedOnToolsVersion = 6.3;
					};
					E289F0351A978C01002D4C90 = {
						CreatedOnToolsVersion = 6.3;
						TestTargetID = E289F01A1A978C00002D4C90;
					};
				};
			};
			buildConfigurationList = E289F0161A978C00002D4C90 /* Build configuration list for PBXProject "CameraControls" */;
			compatibilityVersion = "Xcode 3.2";
			developmentRegion = English;
			hasScannedForEncodings = 0;
			knownRegions = (
				en,
				Base,
			);
			mainGroup = E289F0121A978C00002D4C90;
			productRefGroup = E289F01C1A978C00002D4C90 /* Products */;
			projectDirPath = "";
			projectRoot = "";
			targets = (
				E289F01A1A978C00002D4C90 /* CameraControls */,
				E289F0351A978C01002D4C90 /* CameraControlsTests */,
			);
		};
/* End PBXProject section */

/* Begin PBXResourcesBuildPhase section */
		E289F0191A978C00002D4C90 /* Resources */ = {
			isa = PBXResourcesBuildPhase;
			buildActionMask = 2147483647;
			files = (
				E289F02C1A978C00002D4C90 /* art.scnassets in Resources */,
				E289F02E1A978C00002D4C90 /* Images.xcassets in Resources */,
				E289F0311A978C00002D4C90 /* MainMenu.xib in Resources */,
			);
			runOnlyForDeploymentPostprocessing = 0;
		};
		E289F0341A978C01002D4C90 /* Resources */ = {
			isa = PBXResourcesBuildPhase;
			buildActionMask = 2147483647;
			files = (
			);
			runOnlyForDeploymentPostprocessing = 0;
		};
/* End PBXResourcesBuildPhase section */

/* Begin PBXSourcesBuildPhase section */
		E289F0171A978C00002D4C90 /* Sources */ = {
			isa = PBXSourcesBuildPhase;
			buildActionMask = 2147483647;
			files = (
				E289F0941A991710002D4C90 /* ImathShear.cpp in Sources */,
				E289F0581A9916D1002D4C90 /* IexBaseExc.cpp in Sources */,
				E289F0591A9916D1002D4C90 /* IexThrowErrnoExc.cpp in Sources */,
				E289F0921A991710002D4C90 /* ImathMatrixAlgo.cpp in Sources */,
				E289F0661A9916FF002D4C90 /* half.cpp in Sources */,
				E289F0901A991710002D4C90 /* ImathColorAlgo.cpp in Sources */,
				E289F0601A9916E0002D4C90 /* IexMathFpu.cpp in Sources */,
				E289F05F1A9916E0002D4C90 /* IexMathFloatExc.cpp in Sources */,
				E289F02A1A978C00002D4C90 /* GameViewController.m in Sources */,
				E289F0931A991710002D4C90 /* ImathRandom.cpp in Sources */,
				E289F0271A978C00002D4C90 /* GameView.mm in Sources */,
				E289F0241A978C00002D4C90 /* main.m in Sources */,
				E289F0911A991710002D4C90 /* ImathFun.cpp in Sources */,
				E289F0221A978C00002D4C90 /* AppDelegate.m in Sources */,
				E289F0951A991710002D4C90 /* ImathVec.cpp in Sources */,
				E289F08F1A991710002D4C90 /* ImathBox.cpp in Sources */,
			);
			runOnlyForDeploymentPostprocessing = 0;
		};
		E289F0321A978C01002D4C90 /* Sources */ = {
			isa = PBXSourcesBuildPhase;
			buildActionMask = 2147483647;
			files = (
				E289F03D1A978C01002D4C90 /* CameraControlsTests.m in Sources */,
			);
			runOnlyForDeploymentPostprocessing = 0;
		};
/* End PBXSourcesBuildPhase section */

/* Begin PBXTargetDependency section */
		E289F0381A978C01002D4C90 /* PBXTargetDependency */ = {
			isa = PBXTargetDependency;
			target = E289F01A1A978C00002D4C90 /* CameraControls */;
			targetProxy = E289F0371A978C01002D4C90 /* PBXContainerItemProxy */;
		};
/* End PBXTargetDependency section */

/* Begin PBXVariantGroup section */
		E289F02F1A978C00002D4C90 /* MainMenu.xib */ = {
			isa = PBXVariantGroup;
			children = (
				E289F0301A978C00002D4C90 /* Base */,
			);
			name = MainMenu.xib;
			sourceTree = "<group>";
		};
/* End PBXVariantGroup section */

/* Begin XCBuildConfiguration section */
		E289F03E1A978C01002D4C90 /* Debug */ = {
			isa = XCBuildConfiguration;
			buildSettings = {
				ALWAYS_SEARCH_USER_PATHS = NO;
				CLANG_CXX_LANGUAGE_STANDARD = "gnu++0x";
				CLANG_CXX_LIBRARY = "libc++";
				CLANG_ENABLE_MODULES = YES;
				CLANG_ENABLE_OBJC_ARC = YES;
				CLANG_WARN_BOOL_CONVERSION = YES;
				CLANG_WARN_CONSTANT_CONVERSION = YES;
				CLANG_WARN_DIRECT_OBJC_ISA_USAGE = YES_ERROR;
				CLANG_WARN_EMPTY_BODY = YES;
				CLANG_WARN_ENUM_CONVERSION = YES;
				CLANG_WARN_INT_CONVERSION = YES;
				CLANG_WARN_OBJC_ROOT_CLASS = YES_ERROR;
				CLANG_WARN_UNREACHABLE_CODE = YES;
				CLANG_WARN__DUPLICATE_METHOD_MATCH = YES;
				CODE_SIGN_IDENTITY = "-";
				COPY_PHASE_STRIP = NO;
				DEBUG_INFORMATION_FORMAT = dwarf;
				ENABLE_STRICT_OBJC_MSGSEND = YES;
				GCC_C_LANGUAGE_STANDARD = gnu99;
				GCC_DYNAMIC_NO_PIC = NO;
				GCC_OPTIMIZATION_LEVEL = 0;
				GCC_PREPROCESSOR_DEFINITIONS = (
					"DEBUG=1",
					"$(inherited)",
				);
				GCC_SYMBOLS_PRIVATE_EXTERN = NO;
				GCC_WARN_64_TO_32_BIT_CONVERSION = YES;
				GCC_WARN_ABOUT_RETURN_TYPE = YES_ERROR;
				GCC_WARN_UNDECLARED_SELECTOR = YES;
				GCC_WARN_UNINITIALIZED_AUTOS = YES_AGGRESSIVE;
				GCC_WARN_UNUSED_FUNCTION = YES;
				GCC_WARN_UNUSED_VARIABLE = YES;
				MACOSX_DEPLOYMENT_TARGET = 10.10;
				MTL_ENABLE_DEBUG_INFO = YES;
				ONLY_ACTIVE_ARCH = YES;
				SDKROOT = macosx;
			};
			name = Debug;
		};
		E289F03F1A978C01002D4C90 /* Release */ = {
			isa = XCBuildConfiguration;
			buildSettings = {
				ALWAYS_SEARCH_USER_PATHS = NO;
				CLANG_CXX_LANGUAGE_STANDARD = "gnu++0x";
				CLANG_CXX_LIBRARY = "libc++";
				CLANG_ENABLE_MODULES = YES;
				CLANG_ENABLE_OBJC_ARC = YES;
				CLANG_WARN_BOOL_CONVERSION = YES;
				CLANG_WARN_CONSTANT_CONVERSION = YES;
				CLANG_WARN_DIRECT_OBJC_ISA_USAGE = YES_ERROR;
				CLANG_WARN_EMPTY_BODY = YES;
				CLANG_WARN_ENUM_CONVERSION = YES;
				CLANG_WARN_INT_CONVERSION = YES;
				CLANG_WARN_OBJC_ROOT_CLASS = YES_ERROR;
				CLANG_WARN_UNREACHABLE_CODE = YES;
				CLANG_WARN__DUPLICATE_METHOD_MATCH = YES;
				CODE_SIGN_IDENTITY = "-";
				COPY_PHASE_STRIP = NO;
				DEBUG_INFORMATION_FORMAT = "dwarf-with-dsym";
				ENABLE_NS_ASSERTIONS = NO;
				ENABLE_STRICT_OBJC_MSGSEND = YES;
				GCC_C_LANGUAGE_STANDARD = gnu99;
				GCC_WARN_64_TO_32_BIT_CONVERSION = YES;
				GCC_WARN_ABOUT_RETURN_TYPE = YES_ERROR;
				GCC_WARN_UNDECLARED_SELECTOR = YES;
				GCC_WARN_UNINITIALIZED_AUTOS = YES_AGGRESSIVE;
				GCC_WARN_UNUSED_FUNCTION = YES;
				GCC_WARN_UNUSED_VARIABLE = YES;
				MACOSX_DEPLOYMENT_TARGET = 10.10;
				MTL_ENABLE_DEBUG_INFO = NO;
				SDKROOT = macosx;
			};
			name = Release;
		};
		E289F0411A978C01002D4C90 /* Debug */ = {
			isa = XCBuildConfiguration;
			buildSettings = {
				ALWAYS_SEARCH_USER_PATHS = YES;
				ASSETCATALOG_COMPILER_APPICON_NAME = AppIcon;
				COMBINE_HIDPI_IMAGES = YES;
				INFOPLIST_FILE = CameraControls/Info.plist;
				LD_RUNPATH_SEARCH_PATHS = "$(inherited) @executable_path/../Frameworks";
				PRODUCT_NAME = "$(TARGET_NAME)";
			};
			name = Debug;
		};
		E289F0421A978C01002D4C90 /* Release */ = {
			isa = XCBuildConfiguration;
			buildSettings = {
				ALWAYS_SEARCH_USER_PATHS = YES;
				ASSETCATALOG_COMPILER_APPICON_NAME = AppIcon;
				COMBINE_HIDPI_IMAGES = YES;
				INFOPLIST_FILE = CameraControls/Info.plist;
				LD_RUNPATH_SEARCH_PATHS = "$(inherited) @executable_path/../Frameworks";
				PRODUCT_NAME = "$(TARGET_NAME)";
			};
			name = Release;
		};
		E289F0441A978C01002D4C90 /* Debug */ = {
			isa = XCBuildConfiguration;
			buildSettings = {
				BUNDLE_LOADER = "$(TEST_HOST)";
				COMBINE_HIDPI_IMAGES = YES;
				FRAMEWORK_SEARCH_PATHS = (
					"$(DEVELOPER_FRAMEWORKS_DIR)",
					"$(inherited)",
				);
				GCC_PREPROCESSOR_DEFINITIONS = (
					"DEBUG=1",
					"$(inherited)",
				);
				INFOPLIST_FILE = CameraControlsTests/Info.plist;
				LD_RUNPATH_SEARCH_PATHS = "$(inherited) @executable_path/../Frameworks @loader_path/../Frameworks";
				PRODUCT_NAME = "$(TARGET_NAME)";
				TEST_HOST = "$(BUILT_PRODUCTS_DIR)/CameraControls.app/Contents/MacOS/CameraControls";
			};
			name = Debug;
		};
		E289F0451A978C01002D4C90 /* Release */ = {
			isa = XCBuildConfiguration;
			buildSettings = {
				BUNDLE_LOADER = "$(TEST_HOST)";
				COMBINE_HIDPI_IMAGES = YES;
				FRAMEWORK_SEARCH_PATHS = (
					"$(DEVELOPER_FRAMEWORKS_DIR)",
					"$(inherited)",
				);
				INFOPLIST_FILE = CameraControlsTests/Info.plist;
				LD_RUNPATH_SEARCH_PATHS = "$(inherited) @executable_path/../Frameworks @loader_path/../Frameworks";
				PRODUCT_NAME = "$(TARGET_NAME)";
				TEST_HOST = "$(BUILT_PRODUCTS_DIR)/CameraControls.app/Contents/MacOS/CameraControls";
			};
			name = Release;
		};
/* End XCBuildConfiguration section */

/* Begin XCConfigurationList section */
		E289F0161A978C00002D4C90 /* Build configuration list for PBXProject "CameraControls" */ = {
			isa = XCConfigurationList;
			buildConfigurations = (
				E289F03E1A978C01002D4C90 /* Debug */,
				E289F03F1A978C01002D4C90 /* Release */,
			);
			defaultConfigurationIsVisible = 0;
			defaultConfigurationName = Release;
		};
		E289F0401A978C01002D4C90 /* Build configuration list for PBXNativeTarget "CameraControls" */ = {
			isa = XCConfigurationList;
			buildConfigurations = (
				E289F0411A978C01002D4C90 /* Debug */,
				E289F0421A978C01002D4C90 /* Release */,
			);
			defaultConfigurationIsVisible = 0;
		};
		E289F0431A978C01002D4C90 /* Build configuration list for PBXNativeTarget "CameraControlsTests" */ = {
			isa = XCConfigurationList;
			buildConfigurations = (
				E289F0441A978C01002D4C90 /* Debug */,
				E289F0451A978C01002D4C90 /* Release */,
			);
			defaultConfigurationIsVisible = 0;
		};
/* End XCConfigurationList section */
	};
	rootObject = E289F0131A978C00002D4C90 /* Project object */;
}
